
Microsoft Visual Studio Solution File, Format Version 12.00
# Visual Studio Version 17
VisualStudioVersion = 17.3.32929.385
MinimumVisualStudioVersion = 10.0.40219.1
Project("{8BC9CEB8-8B4A-11D0-8D11-00A0C91BC942}") = "Cho_Algorithm", "Cho_Algorithm\Cho_Algorithm.vcxproj", "{0F6F34D2-B9F7-4C27-A386-D47192343FBD}"
EndProject
Project("{8BC9CEB8-8B4A-11D0-8D11-00A0C91BC942}") = "Ryu_Algorithm", "Ryu_Algorithm\Ryu_Algorithm.vcxproj", "{9D3BFEDB-C72B-46DE-9649-3AEEE3DF8AEC}"
EndProject
Global
	GlobalSection(SolutionConfigurationPlatforms) = preSolution
		Debug|x64 = Debug|x64
		Debug|x86 = Debug|x86
		Release|x64 = Release|x64
		Release|x86 = Release|x86
	EndGlobalSection
	GlobalSection(ProjectConfigurationPlatforms) = postSolution
		{0F6F34D2-B9F7-4C27-A386-D47192343FBD}.Debug|x64.ActiveCfg = Debug|x64
		{0F6F34D2-B9F7-4C27-A386-D47192343FBD}.Debug|x64.Build.0 = Debug|x64
		{0F6F34D2-B9F7-4C27-A386-D47192343FBD}.Debug|x86.ActiveCfg = Debug|Win32
		{0F6F34D2-B9F7-4C27-A386-D47192343FBD}.Debug|x86.Build.0 = Debug|Win32
		{0F6F34D2-B9F7-4C27-A386-D47192343FBD}.Release|x64.ActiveCfg = Release|x64
		{0F6F34D2-B9F7-4C27-A386-D47192343FBD}.Release|x64.Build.0 = Release|x64
		{0F6F34D2-B9F7-4C27-A386-D47192343FBD}.Release|x86.ActiveCfg = Release|Win32
		{0F6F34D2-B9F7-4C27-A386-D47192343FBD}.Release|x86.Build.0 = Release|Win32
		{9D3BFEDB-C72B-46DE-9649-3AEEE3DF8AEC}.Debug|x64.ActiveCfg = Debug|x64
		{9D3BFEDB-C72B-46DE-9649-3AEEE3DF8AEC}.Debug|x64.Build.0 = Debug|x64
		{9D3BFEDB-C72B-46DE-9649-3AEEE3DF8AEC}.Debug|x86.ActiveCfg = Debug|Win32
		{9D3BFEDB-C72B-46DE-9649-3AEEE3DF8AEC}.Debug|x86.Build.0 = Debug|Win32
		{9D3BFEDB-C72B-46DE-9649-3AEEE3DF8AEC}.Release|x64.ActiveCfg = Release|x64
		{9D3BFEDB-C72B-46DE-9649-3AEEE3DF8AEC}.Release|x64.Build.0 = Release|x64
		{9D3BFEDB-C72B-46DE-9649-3AEEE3DF8AEC}.Release|x86.ActiveCfg = Release|Win32
		{9D3BFEDB-C72B-46DE-9649-3AEEE3DF8AEC}.Release|x86.Build.0 = Release|Win32
	EndGlobalSection
	GlobalSection(SolutionProperties) = preSolution
		HideSolutionNode = FALSE
	EndGlobalSection
	GlobalSection(ExtensibilityGlobals) = postSolution
		SolutionGuid = {FD5EE8E9-D285-4A6F-802A-A737039D4242}
	EndGlobalSection
EndGlobal
